# THIS IS AN AUTOGENERATED FILE. DO NOT EDIT THIS FILE DIRECTLY.
# yarn lockfile v1


jest-random-mock@^1.0.0:
  version "1.0.0"
  resolved "https://registry.yarnpkg.com/jest-random-mock/-/jest-random-mock-1.0.0.tgz#bd8a84ac52d53dffcfb42fa1ca7ff3e808377353"
  integrity sha512-yXqD2r8awfhvddbkINdrDaORfPKlVv2/X3E8FD7J62Z+zYoos+8v1DSEFVukrpTZkj34pIMD4SxlDPh/aMzLKQ==
